
Microsoft Visual Studio Solution File, Format Version 12.00
# Visual Studio Version 16
VisualStudioVersion = 16.0.30104.148
MinimumVisualStudioVersion = 10.0.40219.1
Project("{FAE04EC0-301F-11D3-BF4B-00C04F79EFBC}") = "Text-recognition", "Text-recognition.csproj", "{30BA485B-436A-4378-AFCC-F24AB16D8E68}"
EndProject
Global
	GlobalSection(SolutionConfigurationPlatforms) = preSolution
		Debug|Any CPU = Debug|Any CPU
		Release|Any CPU = Release|Any CPU
	EndGlobalSection
	GlobalSection(ProjectConfigurationPlatforms) = postSolution
		{30BA485B-436A-4378-AFCC-F24AB16D8E68}.Debug|Any CPU.ActiveCfg = Debug|Any CPU
		{30BA485B-436A-4378-AFCC-F24AB16D8E68}.Debug|Any CPU.Build.0 = Debug|Any CPU
		{30BA485B-436A-4378-AFCC-F24AB16D8E68}.Release|Any CPU.ActiveCfg = Release|Any CPU
		{30BA485B-436A-4378-AFCC-F24AB16D8E68}.Release|Any CPU.Build.0 = Release|Any CPU
	EndGlobalSection
	GlobalSection(SolutionProperties) = preSolution
		HideSolutionNode = FALSE
	EndGlobalSection
	GlobalSection(ExtensibilityGlobals) = postSolution
		SolutionGuid = {73A22497-6B77-49F8-86D2-BF399DA5DEEE}
	EndGlobalSection
EndGlobal
